// !$*UTF8*$!
{
	archiveVersion = 1;
	classes = {
	};
	objectVersion = 50;
	objects = {

/* Begin PBXBuildFile section */
		4D7DA9954EA117DA41CD8DC6 /* Pods_flixster.framework in Frameworks */ = {isa = PBXBuildFile; fileRef = 1C26735C81C968C9B6049E95 /* Pods_flixster.framework */; };
		9FFAF7677D65D621411C6209 /* Pods_flixsterUITests.framework in Frameworks */ = {isa = PBXBuildFile; fileRef = 112F1EE004710FC702DA9351 /* Pods_flixsterUITests.framework */; };
		A8DE2A02220A9D4A005408D7 /* AppDelegate.swift in Sources */ = {isa = PBXBuildFile; fileRef = A8DE2A01220A9D4A005408D7 /* AppDelegate.swift */; };
		A8DE2A07220A9D4A005408D7 /* Main.storyboard in Resources */ = {isa = PBXBuildFile; fileRef = A8DE2A05220A9D4A005408D7 /* Main.storyboard */; };
		A8DE2A09220A9D4A005408D7 /* Assets.xcassets in Resources */ = {isa = PBXBuildFile; fileRef = A8DE2A08220A9D4A005408D7 /* Assets.xcassets */; };
		A8DE2A0C220A9D4A005408D7 /* LaunchScreen.storyboard in Resources */ = {isa = PBXBuildFile; fileRef = A8DE2A0A220A9D4A005408D7 /* LaunchScreen.storyboard */; };
		A8DE2A17220A9D4B005408D7 /* flixsterTests.swift in Sources */ = {isa = PBXBuildFile; fileRef = A8DE2A16220A9D4B005408D7 /* flixsterTests.swift */; };
		A8DE2A22220A9D4B005408D7 /* flixsterUITests.swift in Sources */ = {isa = PBXBuildFile; fileRef = A8DE2A21220A9D4B005408D7 /* flixsterUITests.swift */; };
		A8DE2A30220AA0CA005408D7 /* MoviesViewController.swift in Sources */ = {isa = PBXBuildFile; fileRef = A8DE2A2F220AA0CA005408D7 /* MoviesViewController.swift */; };
		A8DE2A32220ACB93005408D7 /* MovieCell.swift in Sources */ = {isa = PBXBuildFile; fileRef = A8DE2A31220ACB93005408D7 /* MovieCell.swift */; };
		EBA223BE747700F0BABA865C /* Pods_flixsterTests.framework in Frameworks */ = {isa = PBXBuildFile; fileRef = 1EFECC69FAEA205D2DE018E9 /* Pods_flixsterTests.framework */; };
/* End PBXBuildFile section */

/* Begin PBXContainerItemProxy section */
		A8DE2A13220A9D4B005408D7 /* PBXContainerItemProxy */ = {
			isa = PBXContainerItemProxy;
			containerPortal = A8DE29F6220A9D4A005408D7 /* Project object */;
			proxyType = 1;
			remoteGlobalIDString = A8DE29FD220A9D4A005408D7;
			remoteInfo = flixster;
		};
		A8DE2A1E220A9D4B005408D7 /* PBXContainerItemProxy */ = {
			isa = PBXContainerItemProxy;
			containerPortal = A8DE29F6220A9D4A005408D7 /* Project object */;
			proxyType = 1;
			remoteGlobalIDString = A8DE29FD220A9D4A005408D7;
			remoteInfo = flixster;
		};
/* End PBXContainerItemProxy section */

/* Begin PBXFileReference section */
		112F1EE004710FC702DA9351 /* Pods_flixsterUITests.framework */ = {isa = PBXFileReference; explicitFileType = wrapper.framework; includeInIndex = 0; path = Pods_flixsterUITests.framework; sourceTree = BUILT_PRODUCTS_DIR; };
		132F8571CDF71F8A60DCFB5A /* Pods-flixster.release.xcconfig */ = {isa = PBXFileReference; includeInIndex = 1; lastKnownFileType = text.xcconfig; name = "Pods-flixster.release.xcconfig"; path = "Pods/Target Support Files/Pods-flixster/Pods-flixster.release.xcconfig"; sourceTree = "<group>"; };
		1C26735C81C968C9B6049E95 /* Pods_flixster.framework */ = {isa = PBXFileReference; explicitFileType = wrapper.framework; includeInIndex = 0; path = Pods_flixster.framework; sourceTree = BUILT_PRODUCTS_DIR; };
		1EFECC69FAEA205D2DE018E9 /* Pods_flixsterTests.framework */ = {isa = PBXFileReference; explicitFileType = wrapper.framework; includeInIndex = 0; path = Pods_flixsterTests.framework; sourceTree = BUILT_PRODUCTS_DIR; };
		3663338B4183987578FEBF54 /* Pods-flixster.debug.xcconfig */ = {isa = PBXFileReference; includeInIndex = 1; lastKnownFileType = text.xcconfig; name = "Pods-flixster.debug.xcconfig"; path = "Pods/Target Support Files/Pods-flixster/Pods-flixster.debug.xcconfig"; sourceTree = "<group>"; };
		573ABBCB3AC2B1A368F18469 /* Pods-flixsterTests.debug.xcconfig */ = {isa = PBXFileReference; includeInIndex = 1; lastKnownFileType = text.xcconfig; name = "Pods-flixsterTests.debug.xcconfig"; path = "Pods/Target Support Files/Pods-flixsterTests/Pods-flixsterTests.debug.xcconfig"; sourceTree = "<group>"; };
		71AC087EAE5747A131638BE2 /* Pods-flixsterTests.release.xcconfig */ = {isa = PBXFileReference; includeInIndex = 1; lastKnownFileType = text.xcconfig; name = "Pods-flixsterTests.release.xcconfig"; path = "Pods/Target Support Files/Pods-flixsterTests/Pods-flixsterTests.release.xcconfig"; sourceTree = "<group>"; };
		89A5F7613E624B3081C995CB /* Pods-flixsterUITests.debug.xcconfig */ = {isa = PBXFileReference; includeInIndex = 1; lastKnownFileType = text.xcconfig; name = "Pods-flixsterUITests.debug.xcconfig"; path = "Pods/Target Support Files/Pods-flixsterUITests/Pods-flixsterUITests.debug.xcconfig"; sourceTree = "<group>"; };
		A8DE29FE220A9D4A005408D7 /* flixster.app */ = {isa = PBXFileReference; explicitFileType = wrapper.application; includeInIndex = 0; path = flixster.app; sourceTree = BUILT_PRODUCTS_DIR; };
		A8DE2A01220A9D4A005408D7 /* AppDelegate.swift */ = {isa = PBXFileReference; lastKnownFileType = sourcecode.swift; path = AppDelegate.swift; sourceTree = "<group>"; };
		A8DE2A06220A9D4A005408D7 /* Base */ = {isa = PBXFileReference; lastKnownFileType = file.storyboard; name = Base; path = Base.lproj/Main.storyboard; sourceTree = "<group>"; };
		A8DE2A08220A9D4A005408D7 /* Assets.xcassets */ = {isa = PBXFileReference; lastKnownFileType = folder.assetcatalog; path = Assets.xcassets; sourceTree = "<group>"; };
		A8DE2A0B220A9D4A005408D7 /* Base */ = {isa = PBXFileReference; lastKnownFileType = file.storyboard; name = Base; path = Base.lproj/LaunchScreen.storyboard; sourceTree = "<group>"; };
		A8DE2A0D220A9D4A005408D7 /* Info.plist */ = {isa = PBXFileReference; lastKnownFileType = text.plist.xml; path = Info.plist; sourceTree = "<group>"; };
		A8DE2A12220A9D4B005408D7 /* flixsterTests.xctest */ = {isa = PBXFileReference; explicitFileType = wrapper.cfbundle; includeInIndex = 0; path = flixsterTests.xctest; sourceTree = BUILT_PRODUCTS_DIR; };
		A8DE2A16220A9D4B005408D7 /* flixsterTests.swift */ = {isa = PBXFileReference; lastKnownFileType = sourcecode.swift; path = flixsterTests.swift; sourceTree = "<group>"; };
		A8DE2A18220A9D4B005408D7 /* Info.plist */ = {isa = PBXFileReference; lastKnownFileType = text.plist.xml; path = Info.plist; sourceTree = "<group>"; };
		A8DE2A1D220A9D4B005408D7 /* flixsterUITests.xctest */ = {isa = PBXFileReference; explicitFileType = wrapper.cfbundle; includeInIndex = 0; path = flixsterUITests.xctest; sourceTree = BUILT_PRODUCTS_DIR; };
		A8DE2A21220A9D4B005408D7 /* flixsterUITests.swift */ = {isa = PBXFileReference; lastKnownFileType = sourcecode.swift; path = flixsterUITests.swift; sourceTree = "<group>"; };
		A8DE2A23220A9D4B005408D7 /* Info.plist */ = {isa = PBXFileReference; lastKnownFileType = text.plist.xml; path = Info.plist; sourceTree = "<group>"; };
		A8DE2A2F220AA0CA005408D7 /* MoviesViewController.swift */ = {isa = PBXFileReference; lastKnownFileType = sourcecode.swift; path = MoviesViewController.swift; sourceTree = "<group>"; };
		A8DE2A31220ACB93005408D7 /* MovieCell.swift */ = {isa = PBXFileReference; lastKnownFileType = sourcecode.swift; path = MovieCell.swift; sourceTree = "<group>"; };
		ADD4A2A3D2EB01451ACFC95C /* Pods-flixsterUITests.release.xcconfig */ = {isa = PBXFileReference; includeInIndex = 1; lastKnownFileType = text.xcconfig; name = "Pods-flixsterUITests.release.xcconfig"; path = "Pods/Target Support Files/Pods-flixsterUITests/Pods-flixsterUITests.release.xcconfig"; sourceTree = "<group>"; };
/* End PBXFileReference section */

/* Begin PBXFrameworksBuildPhase section */
		A8DE29FB220A9D4A005408D7 /* Frameworks */ = {
			isa = PBXFrameworksBuildPhase;
			buildActionMask = 2147483647;
			files = (
				4D7DA9954EA117DA41CD8DC6 /* Pods_flixster.framework in Frameworks */,
			);
			runOnlyForDeploymentPostprocessing = 0;
		};
		A8DE2A0F220A9D4B005408D7 /* Frameworks */ = {
			isa = PBXFrameworksBuildPhase;
			buildActionMask = 2147483647;
			files = (
				EBA223BE747700F0BABA865C /* Pods_flixsterTests.framework in Frameworks */,
			);
			runOnlyForDeploymentPostprocessing = 0;
		};
		A8DE2A1A220A9D4B005408D7 /* Frameworks */ = {
			isa = PBXFrameworksBuildPhase;
			buildActionMask = 2147483647;
			files = (
				9FFAF7677D65D621411C6209 /* Pods_flixsterUITests.framework in Frameworks */,
			);
			runOnlyForDeploymentPostprocessing = 0;
		};
/* End PBXFrameworksBuildPhase section */

/* Begin PBXGroup section */
		39443724173C706956096492 /* Frameworks */ = {
			isa = PBXGroup;
			children = (
				1C26735C81C968C9B6049E95 /* Pods_flixster.framework */,
				1EFECC69FAEA205D2DE018E9 /* Pods_flixsterTests.framework */,
				112F1EE004710FC702DA9351 /* Pods_flixsterUITests.framework */,
			);
			name = Frameworks;
			sourceTree = "<group>";
		};
		A8DE29F5220A9D4A005408D7 = {
			isa = PBXGroup;
			children = (
				A8DE2A00220A9D4A005408D7 /* flixster */,
				A8DE2A15220A9D4B005408D7 /* flixsterTests */,
				A8DE2A20220A9D4B005408D7 /* flixsterUITests */,
				A8DE29FF220A9D4A005408D7 /* Products */,
				E4391E8ED1F8C85E00FFC6D1 /* Pods */,
				39443724173C706956096492 /* Frameworks */,
			);
			sourceTree = "<group>";
		};
		A8DE29FF220A9D4A005408D7 /* Products */ = {
			isa = PBXGroup;
			children = (
				A8DE29FE220A9D4A005408D7 /* flixster.app */,
				A8DE2A12220A9D4B005408D7 /* flixsterTests.xctest */,
				A8DE2A1D220A9D4B005408D7 /* flixsterUITests.xctest */,
			);
			name = Products;
			sourceTree = "<group>";
		};
		A8DE2A00220A9D4A005408D7 /* flixster */ = {
			isa = PBXGroup;
			children = (
				A8DE2A01220A9D4A005408D7 /* AppDelegate.swift */,
				A8DE2A05220A9D4A005408D7 /* Main.storyboard */,
				A8DE2A08220A9D4A005408D7 /* Assets.xcassets */,
				A8DE2A0A220A9D4A005408D7 /* LaunchScreen.storyboard */,
				A8DE2A0D220A9D4A005408D7 /* Info.plist */,
				A8DE2A2F220AA0CA005408D7 /* MoviesViewController.swift */,
				A8DE2A31220ACB93005408D7 /* MovieCell.swift */,
			);
			path = flixster;
			sourceTree = "<group>";
		};
		A8DE2A15220A9D4B005408D7 /* flixsterTests */ = {
			isa = PBXGroup;
			children = (
				A8DE2A16220A9D4B005408D7 /* flixsterTests.swift */,
				A8DE2A18220A9D4B005408D7 /* Info.plist */,
			);
			path = flixsterTests;
			sourceTree = "<group>";
		};
		A8DE2A20220A9D4B005408D7 /* flixsterUITests */ = {
			isa = PBXGroup;
			children = (
				A8DE2A21220A9D4B005408D7 /* flixsterUITests.swift */,
				A8DE2A23220A9D4B005408D7 /* Info.plist */,
			);
			path = flixsterUITests;
			sourceTree = "<group>";
		};
		E4391E8ED1F8C85E00FFC6D1 /* Pods */ = {
			isa = PBXGroup;
			children = (
				3663338B4183987578FEBF54 /* Pods-flixster.debug.xcconfig */,
				132F8571CDF71F8A60DCFB5A /* Pods-flixster.release.xcconfig */,
				573ABBCB3AC2B1A368F18469 /* Pods-flixsterTests.debug.xcconfig */,
				71AC087EAE5747A131638BE2 /* Pods-flixsterTests.release.xcconfig */,
				89A5F7613E624B3081C995CB /* Pods-flixsterUITests.debug.xcconfig */,
				ADD4A2A3D2EB01451ACFC95C /* Pods-flixsterUITests.release.xcconfig */,
			);
			name = Pods;
			sourceTree = "<group>";
		};
/* End PBXGroup section */

/* Begin PBXNativeTarget section */
		A8DE29FD220A9D4A005408D7 /* flixster */ = {
			isa = PBXNativeTarget;
			buildConfigurationList = A8DE2A26220A9D4B005408D7 /* Build configuration list for PBXNativeTarget "flixster" */;
			buildPhases = (
				0CA65B6B4D8003A9E1E47EA2 /* [CP] Check Pods Manifest.lock */,
				A8DE29FA220A9D4A005408D7 /* Sources */,
				A8DE29FB220A9D4A005408D7 /* Frameworks */,
				A8DE29FC220A9D4A005408D7 /* Resources */,
				7799A0CDA44AACED83569854 /* [CP] Embed Pods Frameworks */,
			);
			buildRules = (
			);
			dependencies = (
			);
			name = flixster;
			productName = flixster;
			productReference = A8DE29FE220A9D4A005408D7 /* flixster.app */;
			productType = "com.apple.product-type.application";
		};
		A8DE2A11220A9D4B005408D7 /* flixsterTests */ = {
			isa = PBXNativeTarget;
			buildConfigurationList = A8DE2A29220A9D4B005408D7 /* Build configuration list for PBXNativeTarget "flixsterTests" */;
			buildPhases = (
				E61141411F1146CFED5C60FB /* [CP] Check Pods Manifest.lock */,
				A8DE2A0E220A9D4B005408D7 /* Sources */,
				A8DE2A0F220A9D4B005408D7 /* Frameworks */,
				A8DE2A10220A9D4B005408D7 /* Resources */,
			);
			buildRules = (
			);
			dependencies = (
				A8DE2A14220A9D4B005408D7 /* PBXTargetDependency */,
			);
			name = flixsterTests;
			productName = flixsterTests;
			productReference = A8DE2A12220A9D4B005408D7 /* flixsterTests.xctest */;
			productType = "com.apple.product-type.bundle.unit-test";
		};
		A8DE2A1C220A9D4B005408D7 /* flixsterUITests */ = {
			isa = PBXNativeTarget;
			buildConfigurationList = A8DE2A2C220A9D4B005408D7 /* Build configuration list for PBXNativeTarget "flixsterUITests" */;
			buildPhases = (
				DA88F2BB94B81012DFA26DBA /* [CP] Check Pods Manifest.lock */,
				A8DE2A19220A9D4B005408D7 /* Sources */,
				A8DE2A1A220A9D4B005408D7 /* Frameworks */,
				A8DE2A1B220A9D4B005408D7 /* Resources */,
			);
			buildRules = (
			);
			dependencies = (
				A8DE2A1F220A9D4B005408D7 /* PBXTargetDependency */,
			);
			name = flixsterUITests;
			productName = flixsterUITests;
			productReference = A8DE2A1D220A9D4B005408D7 /* flixsterUITests.xctest */;
			productType = "com.apple.product-type.bundle.ui-testing";
		};
/* End PBXNativeTarget section */

/* Begin PBXProject section */
		A8DE29F6220A9D4A005408D7 /* Project object */ = {
			isa = PBXProject;
			attributes = {
				LastSwiftUpdateCheck = 1010;
				LastUpgradeCheck = 1010;
				ORGANIZATIONNAME = "Gregory Jueves Mayo";
				TargetAttributes = {
					A8DE29FD220A9D4A005408D7 = {
						CreatedOnToolsVersion = 10.1;
					};
					A8DE2A11220A9D4B005408D7 = {
						CreatedOnToolsVersion = 10.1;
						TestTargetID = A8DE29FD220A9D4A005408D7;
					};
					A8DE2A1C220A9D4B005408D7 = {
						CreatedOnToolsVersion = 10.1;
						TestTargetID = A8DE29FD220A9D4A005408D7;
					};
				};
			};
			buildConfigurationList = A8DE29F9220A9D4A005408D7 /* Build configuration list for PBXProject "flixster" */;
			compatibilityVersion = "Xcode 9.3";
			developmentRegion = en;
			hasScannedForEncodings = 0;
			knownRegions = (
				en,
				Base,
			);
			mainGroup = A8DE29F5220A9D4A005408D7;
			productRefGroup = A8DE29FF220A9D4A005408D7 /* Products */;
			projectDirPath = "";
			projectRoot = "";
			targets = (
				A8DE29FD220A9D4A005408D7 /* flixster */,
				A8DE2A11220A9D4B005408D7 /* flixsterTests */,
				A8DE2A1C220A9D4B005408D7 /* flixsterUITests */,
			);
		};
/* End PBXProject section */

/* Begin PBXResourcesBuildPhase section */
		A8DE29FC220A9D4A005408D7 /* Resources */ = {
			isa = PBXResourcesBuildPhase;
			buildActionMask = 2147483647;
			files = (
				A8DE2A0C220A9D4A005408D7 /* LaunchScreen.storyboard in Resources */,
				A8DE2A09220A9D4A005408D7 /* Assets.xcassets in Resources */,
				A8DE2A07220A9D4A005408D7 /* Main.storyboard in Resources */,
			);
			runOnlyForDeploymentPostprocessing = 0;
		};
		A8DE2A10220A9D4B005408D7 /* Resources */ = {
			isa = PBXResourcesBuildPhase;
			buildActionMask = 2147483647;
			files = (
			);
			runOnlyForDeploymentPostprocessing = 0;
		};
		A8DE2A1B220A9D4B005408D7 /* Resources */ = {
			isa = PBXResourcesBuildPhase;
			buildActionMask = 2147483647;
			files = (
			);
			runOnlyForDeploymentPostprocessing = 0;
		};
/* End PBXResourcesBuildPhase section */

/* Begin PBXShellScriptBuildPhase section */
		0CA65B6B4D8003A9E1E47EA2 /* [CP] Check Pods Manifest.lock */ = {
			isa = PBXShellScriptBuildPhase;
			buildActionMask = 2147483647;
			files = (
			);
			inputFileListPaths = (
			);
			inputPaths = (
				"${PODS_PODFILE_DIR_PATH}/Podfile.lock",
				"${PODS_ROOT}/Manifest.lock",
			);
			name = "[CP] Check Pods Manifest.lock";
			outputFileListPaths = (
			);
			outputPaths = (
				"$(DERIVED_FILE_DIR)/Pods-flixster-checkManifestLockResult.txt",
			);
			runOnlyForDeploymentPostprocessing = 0;
			shellPath = /bin/sh;
			shellScript = "diff \"${PODS_PODFILE_DIR_PATH}/Podfile.lock\" \"${PODS_ROOT}/Manifest.lock\" > /dev/null\nif [ $? != 0 ] ; then\n    # print error to STDERR\n    echo \"error: The sandbox is not in sync with the Podfile.lock. Run 'pod install' or update your CocoaPods installation.\" >&2\n    exit 1\nfi\n# This output is used by Xcode 'outputs' to avoid re-running this script phase.\necho \"SUCCESS\" > \"${SCRIPT_OUTPUT_FILE_0}\"\n";
			showEnvVarsInLog = 0;
		};
		7799A0CDA44AACED83569854 /* [CP] Embed Pods Frameworks */ = {
			isa = PBXShellScriptBuildPhase;
			buildActionMask = 2147483647;
			files = (
			);
			inputFileListPaths = (
			);
			inputPaths = (
				"${SRCROOT}/Pods/Target Support Files/Pods-flixster/Pods-flixster-frameworks.sh",
				"${BUILT_PRODUCTS_DIR}/Alamofire/Alamofire.framework",
				"${BUILT_PRODUCTS_DIR}/AlamofireImage/AlamofireImage.framework",
			);
			name = "[CP] Embed Pods Frameworks";
			outputFileListPaths = (
			);
			outputPaths = (
				"${TARGET_BUILD_DIR}/${FRAMEWORKS_FOLDER_PATH}/Alamofire.framework",
				"${TARGET_BUILD_DIR}/${FRAMEWORKS_FOLDER_PATH}/AlamofireImage.framework",
			);
			runOnlyForDeploymentPostprocessing = 0;
			shellPath = /bin/sh;
			shellScript = "\"${SRCROOT}/Pods/Target Support Files/Pods-flixster/Pods-flixster-frameworks.sh\"\n";
			showEnvVarsInLog = 0;
		};
		DA88F2BB94B81012DFA26DBA /* [CP] Check Pods Manifest.lock */ = {
			isa = PBXShellScriptBuildPhase;
			buildActionMask = 2147483647;
			files = (
			);
			inputFileListPaths = (
			);
			inputPaths = (
				"${PODS_PODFILE_DIR_PATH}/Podfile.lock",
				"${PODS_ROOT}/Manifest.lock",
			);
			name = "[CP] Check Pods Manifest.lock";
			outputFileListPaths = (
			);
			outputPaths = (
				"$(DERIVED_FILE_DIR)/Pods-flixsterUITests-checkManifestLockResult.txt",
			);
			runOnlyForDeploymentPostprocessing = 0;
			shellPath = /bin/sh;
			shellScript = "diff \"${PODS_PODFILE_DIR_PATH}/Podfile.lock\" \"${PODS_ROOT}/Manifest.lock\" > /dev/null\nif [ $? != 0 ] ; then\n    # print error to STDERR\n    echo \"error: The sandbox is not in sync with the Podfile.lock. Run 'pod install' or update your CocoaPods installation.\" >&2\n    exit 1\nfi\n# This output is used by Xcode 'outputs' to avoid re-running this script phase.\necho \"SUCCESS\" > \"${SCRIPT_OUTPUT_FILE_0}\"\n";
			showEnvVarsInLog = 0;
		};
		E61141411F1146CFED5C60FB /* [CP] Check Pods Manifest.lock */ = {
			isa = PBXShellScriptBuildPhase;
			buildActionMask = 2147483647;
			files = (
			);
			inputFileListPaths = (
			);
			inputPaths = (
				"${PODS_PODFILE_DIR_PATH}/Podfile.lock",
				"${PODS_ROOT}/Manifest.lock",
			);
			name = "[CP] Check Pods Manifest.lock";
			outputFileListPaths = (
			);
			outputPaths = (
				"$(DERIVED_FILE_DIR)/Pods-flixsterTests-checkManifestLockResult.txt",
			);
			runOnlyForDeploymentPostprocessing = 0;
			shellPath = /bin/sh;
			shellScript = "diff \"${PODS_PODFILE_DIR_PATH}/Podfile.lock\" \"${PODS_ROOT}/Manifest.lock\" > /dev/null\nif [ $? != 0 ] ; then\n    # print error to STDERR\n    echo \"error: The sandbox is not in sync with the Podfile.lock. Run 'pod install' or update your CocoaPods installation.\" >&2\n    exit 1\nfi\n# This output is used by Xcode 'outputs' to avoid re-running this script phase.\necho \"SUCCESS\" > \"${SCRIPT_OUTPUT_FILE_0}\"\n";
			showEnvVarsInLog = 0;
		};
/* End PBXShellScriptBuildPhase section */

/* Begin PBXSourcesBuildPhase section */
		A8DE29FA220A9D4A005408D7 /* Sources */ = {
			isa = PBXSourcesBuildPhase;
			buildActionMask = 2147483647;
			files = (
				A8DE2A02220A9D4A005408D7 /* AppDelegate.swift in Sources */,
				A8DE2A30220AA0CA005408D7 /* MoviesViewController.swift in Sources */,
				A8DE2A32220ACB93005408D7 /* MovieCell.swift in Sources */,
			);
			runOnlyForDeploymentPostprocessing = 0;
		};
		A8DE2A0E220A9D4B005408D7 /* Sources */ = {
			isa = PBXSourcesBuildPhase;
			buildActionMask = 2147483647;
			files = (
				A8DE2A17220A9D4B005408D7 /* flixsterTests.swift in Sources */,
			);
			runOnlyForDeploymentPostprocessing = 0;
		};
		A8DE2A19220A9D4B005408D7 /* Sources */ = {
			isa = PBXSourcesBuildPhase;
			buildActionMask = 2147483647;
			files = (
				A8DE2A22220A9D4B005408D7 /* flixsterUITests.swift in Sources */,
			);
			runOnlyForDeploymentPostprocessing = 0;
		};
/* End PBXSourcesBuildPhase section */

/* Begin PBXTargetDependency section */
		A8DE2A14220A9D4B005408D7 /* PBXTargetDependency */ = {
			isa = PBXTargetDependency;
			target = A8DE29FD220A9D4A005408D7 /* flixster */;
			targetProxy = A8DE2A13220A9D4B005408D7 /* PBXContainerItemProxy */;
		};
		A8DE2A1F220A9D4B005408D7 /* PBXTargetDependency */ = {
			isa = PBXTargetDependency;
			target = A8DE29FD220A9D4A005408D7 /* flixster */;
			targetProxy = A8DE2A1E220A9D4B005408D7 /* PBXContainerItemProxy */;
		};
/* End PBXTargetDependency section */

/* Begin PBXVariantGroup section */
		A8DE2A05220A9D4A005408D7 /* Main.storyboard */ = {
			isa = PBXVariantGroup;
			children = (
				A8DE2A06220A9D4A005408D7 /* Base */,
			);
			name = Main.storyboard;
			sourceTree = "<group>";
		};
		A8DE2A0A220A9D4A005408D7 /* LaunchScreen.storyboard */ = {
			isa = PBXVariantGroup;
			children = (
				A8DE2A0B220A9D4A005408D7 /* Base */,
			);
			name = LaunchScreen.storyboard;
			sourceTree = "<group>";
		};
/* End PBXVariantGroup section */

/* Begin XCBuildConfiguration section */
		A8DE2A24220A9D4B005408D7 /* Debug */ = {
			isa = XCBuildConfiguration;
			buildSettings = {
				ALWAYS_SEARCH_USER_PATHS = NO;
				CLANG_ANALYZER_NONNULL = YES;
				CLANG_ANALYZER_NUMBER_OBJECT_CONVERSION = YES_AGGRESSIVE;
				CLANG_CXX_LANGUAGE_STANDARD = "gnu++14";
				CLANG_CXX_LIBRARY = "libc++";
				CLANG_ENABLE_MODULES = YES;
				CLANG_ENABLE_OBJC_ARC = YES;
				CLANG_ENABLE_OBJC_WEAK = YES;
				CLANG_WARN_BLOCK_CAPTURE_AUTORELEASING = YES;
				CLANG_WARN_BOOL_CONVERSION = YES;
				CLANG_WARN_COMMA = YES;
				CLANG_WARN_CONSTANT_CONVERSION = YES;
				CLANG_WARN_DEPRECATED_OBJC_IMPLEMENTATIONS = YES;
				CLANG_WARN_DIRECT_OBJC_ISA_USAGE = YES_ERROR;
				CLANG_WARN_DOCUMENTATION_COMMENTS = YES;
				CLANG_WARN_EMPTY_BODY = YES;
				CLANG_WARN_ENUM_CONVERSION = YES;
				CLANG_WARN_INFINITE_RECURSION = YES;
				CLANG_WARN_INT_CONVERSION = YES;
				CLANG_WARN_NON_LITERAL_NULL_CONVERSION = YES;
				CLANG_WARN_OBJC_IMPLICIT_RETAIN_SELF = YES;
				CLANG_WARN_OBJC_LITERAL_CONVERSION = YES;
				CLANG_WARN_OBJC_ROOT_CLASS = YES_ERROR;
				CLANG_WARN_RANGE_LOOP_ANALYSIS = YES;
				CLANG_WARN_STRICT_PROTOTYPES = YES;
				CLANG_WARN_SUSPICIOUS_MOVE = YES;
				CLANG_WARN_UNGUARDED_AVAILABILITY = YES_AGGRESSIVE;
				CLANG_WARN_UNREACHABLE_CODE = YES;
				CLANG_WARN__DUPLICATE_METHOD_MATCH = YES;
				CODE_SIGN_IDENTITY = "iPhone Developer";
				COPY_PHASE_STRIP = NO;
				DEBUG_INFORMATION_FORMAT = dwarf;
				ENABLE_STRICT_OBJC_MSGSEND = YES;
				ENABLE_TESTABILITY = YES;
				GCC_C_LANGUAGE_STANDARD = gnu11;
				GCC_DYNAMIC_NO_PIC = NO;
				GCC_NO_COMMON_BLOCKS = YES;
				GCC_OPTIMIZATION_LEVEL = 0;
				GCC_PREPROCESSOR_DEFINITIONS = (
					"DEBUG=1",
					"$(inherited)",
				);
				GCC_WARN_64_TO_32_BIT_CONVERSION = YES;
				GCC_WARN_ABOUT_RETURN_TYPE = YES_ERROR;
				GCC_WARN_UNDECLARED_SELECTOR = YES;
				GCC_WARN_UNINITIALIZED_AUTOS = YES_AGGRESSIVE;
				GCC_WARN_UNUSED_FUNCTION = YES;
				GCC_WARN_UNUSED_VARIABLE = YES;
				IPHONEOS_DEPLOYMENT_TARGET = 12.1;
				MTL_ENABLE_DEBUG_INFO = INCLUDE_SOURCE;
				MTL_FAST_MATH = YES;
				ONLY_ACTIVE_ARCH = YES;
				SDKROOT = iphoneos;
				SWIFT_ACTIVE_COMPILATION_CONDITIONS = DEBUG;
				SWIFT_OPTIMIZATION_LEVEL = "-Onone";
			};
			name = Debug;
		};
		A8DE2A25220A9D4B005408D7 /* Release */ = {
			isa = XCBuildConfiguration;
			buildSettings = {
				ALWAYS_SEARCH_USER_PATHS = NO;
				CLANG_ANALYZER_NONNULL = YES;
				CLANG_ANALYZER_NUMBER_OBJECT_CONVERSION = YES_AGGRESSIVE;
				CLANG_CXX_LANGUAGE_STANDARD = "gnu++14";
				CLANG_CXX_LIBRARY = "libc++";
				CLANG_ENABLE_MODULES = YES;
				CLANG_ENABLE_OBJC_ARC = YES;
				CLANG_ENABLE_OBJC_WEAK = YES;
				CLANG_WARN_BLOCK_CAPTURE_AUTORELEASING = YES;
				CLANG_WARN_BOOL_CONVERSION = YES;
				CLANG_WARN_COMMA = YES;
				CLANG_WARN_CONSTANT_CONVERSION = YES;
				CLANG_WARN_DEPRECATED_OBJC_IMPLEMENTATIONS = YES;
				CLANG_WARN_DIRECT_OBJC_ISA_USAGE = YES_ERROR;
				CLANG_WARN_DOCUMENTATION_COMMENTS = YES;
				CLANG_WARN_EMPTY_BODY = YES;
				CLANG_WARN_ENUM_CONVERSION = YES;
				CLANG_WARN_INFINITE_RECURSION = YES;
				CLANG_WARN_INT_CONVERSION = YES;
				CLANG_WARN_NON_LITERAL_NULL_CONVERSION = YES;
				CLANG_WARN_OBJC_IMPLICIT_RETAIN_SELF = YES;
				CLANG_WARN_OBJC_LITERAL_CONVERSION = YES;
				CLANG_WARN_OBJC_ROOT_CLASS = YES_ERROR;
				CLANG_WARN_RANGE_LOOP_ANALYSIS = YES;
				CLANG_WARN_STRICT_PROTOTYPES = YES;
				CLANG_WARN_SUSPICIOUS_MOVE = YES;
				CLANG_WARN_UNGUARDED_AVAILABILITY = YES_AGGRESSIVE;
				CLANG_WARN_UNREACHABLE_CODE = YES;
				CLANG_WARN__DUPLICATE_METHOD_MATCH = YES;
				CODE_SIGN_IDENTITY = "iPhone Developer";
				COPY_PHASE_STRIP = NO;
				DEBUG_INFORMATION_FORMAT = "dwarf-with-dsym";
				ENABLE_NS_ASSERTIONS = NO;
				ENABLE_STRICT_OBJC_MSGSEND = YES;
				GCC_C_LANGUAGE_STANDARD = gnu11;
				GCC_NO_COMMON_BLOCKS = YES;
				GCC_WARN_64_TO_32_BIT_CONVERSION = YES;
				GCC_WARN_ABOUT_RETURN_TYPE = YES_ERROR;
				GCC_WARN_UNDECLARED_SELECTOR = YES;
				GCC_WARN_UNINITIALIZED_AUTOS = YES_AGGRESSIVE;
				GCC_WARN_UNUSED_FUNCTION = YES;
				GCC_WARN_UNUSED_VARIABLE = YES;
				IPHONEOS_DEPLOYMENT_TARGET = 12.1;
				MTL_ENABLE_DEBUG_INFO = NO;
				MTL_FAST_MATH = YES;
				SDKROOT = iphoneos;
				SWIFT_COMPILATION_MODE = wholemodule;
				SWIFT_OPTIMIZATION_LEVEL = "-O";
				VALIDATE_PRODUCT = YES;
			};
			name = Release;
		};
		A8DE2A27220A9D4B005408D7 /* Debug */ = {
			isa = XCBuildConfiguration;
			baseConfigurationReference = 3663338B4183987578FEBF54 /* Pods-flixster.debug.xcconfig */;
			buildSettings = {
				ASSETCATALOG_COMPILER_APPICON_NAME = AppIcon;
				CODE_SIGN_IDENTITY = "iPhone Developer";
				CODE_SIGN_STYLE = Automatic;
				DEVELOPMENT_TEAM = "";
				INFOPLIST_FILE = flixster/Info.plist;
				LD_RUNPATH_SEARCH_PATHS = (
					"$(inherited)",
					"@executable_path/Frameworks",
				);
				PRODUCT_BUNDLE_IDENTIFIER = com.codepath.flixster;
				PRODUCT_NAME = "$(TARGET_NAME)";
				PROVISIONING_PROFILE_SPECIFIER = "";
				SWIFT_VERSION = 4.2;
				TARGETED_DEVICE_FAMILY = "1,2";
			};
			name = Debug;
		};
		A8DE2A28220A9D4B005408D7 /* Release */ = {
			isa = XCBuildConfiguration;
			baseConfigurationReference = 132F8571CDF71F8A60DCFB5A /* Pods-flixster.release.xcconfig */;
			buildSettings = {
				ASSETCATALOG_COMPILER_APPICON_NAME = AppIcon;
				CODE_SIGN_IDENTITY = "iPhone Developer";
				CODE_SIGN_STYLE = Automatic;
				DEVELOPMENT_TEAM = "";
				INFOPLIST_FILE = flixster/Info.plist;
				LD_RUNPATH_SEARCH_PATHS = (
					"$(inherited)",
					"@executable_path/Frameworks",
				);
				PRODUCT_BUNDLE_IDENTIFIER = com.codepath.flixster;
				PRODUCT_NAME = "$(TARGET_NAME)";
				PROVISIONING_PROFILE_SPECIFIER = "";
				SWIFT_VERSION = 4.2;
				TARGETED_DEVICE_FAMILY = "1,2";
			};
			name = Release;
		};
		A8DE2A2A220A9D4B005408D7 /* Debug */ = {
			isa = XCBuildConfiguration;
			baseConfigurationReference = 573ABBCB3AC2B1A368F18469 /* Pods-flixsterTests.debug.xcconfig */;
			buildSettings = {
				ALWAYS_EMBED_SWIFT_STANDARD_LIBRARIES = YES;
				BUNDLE_LOADER = "$(TEST_HOST)";
				CODE_SIGN_STYLE = Automatic;
				INFOPLIST_FILE = flixsterTests/Info.plist;
				LD_RUNPATH_SEARCH_PATHS = (
					"$(inherited)",
					"@executable_path/Frameworks",
					"@loader_path/Frameworks",
				);
				PRODUCT_BUNDLE_IDENTIFIER = com.codepath.flixsterTests;
				PRODUCT_NAME = "$(TARGET_NAME)";
				SWIFT_VERSION = 4.2;
				TARGETED_DEVICE_FAMILY = "1,2";
				TEST_HOST = "$(BUILT_PRODUCTS_DIR)/flixster.app/flixster";
			};
			name = Debug;
		};
		A8DE2A2B220A9D4B005408D7 /* Release */ = {
			isa = XCBuildConfiguration;
			baseConfigurationReference = 71AC087EAE5747A131638BE2 /* Pods-flixsterTests.release.xcconfig */;
			buildSettings = {
				ALWAYS_EMBED_SWIFT_STANDARD_LIBRARIES = YES;
				BUNDLE_LOADER = "$(TEST_HOST)";
				CODE_SIGN_STYLE = Automatic;
				INFOPLIST_FILE = flixsterTests/Info.plist;
				LD_RUNPATH_SEARCH_PATHS = (
					"$(inherited)",
					"@executable_path/Frameworks",
					"@loader_path/Frameworks",
				);
				PRODUCT_BUNDLE_IDENTIFIER = com.codepath.flixsterTests;
				PRODUCT_NAME = "$(TARGET_NAME)";
				SWIFT_VERSION = 4.2;
				TARGETED_DEVICE_FAMILY = "1,2";
				TEST_HOST = "$(BUILT_PRODUCTS_DIR)/flixster.app/flixster";
			};
			name = Release;
		};
		A8DE2A2D220A9D4B005408D7 /* Debug */ = {
			isa = XCBuildConfiguration;
			baseConfigurationReference = 89A5F7613E624B3081C995CB /* Pods-flixsterUITests.debug.xcconfig */;
			buildSettings = {
				ALWAYS_EMBED_SWIFT_STANDARD_LIBRARIES = YES;
				CODE_SIGN_STYLE = Automatic;
				INFOPLIST_FILE = flixsterUITests/Info.plist;
				LD_RUNPATH_SEARCH_PATHS = (
					"$(inherited)",
					"@executable_path/Frameworks",
					"@loader_path/Frameworks",
				);
				PRODUCT_BUNDLE_IDENTIFIER = com.codepath.flixsterUITests;
				PRODUCT_NAME = "$(TARGET_NAME)";
				SWIFT_VERSION = 4.2;
				TARGETED_DEVICE_FAMILY = "1,2";
				TEST_TARGET_NAME = flixster;
			};
			name = Debug;
		};
		A8DE2A2E220A9D4B005408D7 /* Release */ = {
			isa = XCBuildConfiguration;
			baseConfigurationReference = ADD4A2A3D2EB01451ACFC95C /* Pods-flixsterUITests.release.xcconfig */;
			buildSettings = {
				ALWAYS_EMBED_SWIFT_STANDARD_LIBRARIES = YES;
				CODE_SIGN_STYLE = Automatic;
				INFOPLIST_FILE = flixsterUITests/Info.plist;
				LD_RUNPATH_SEARCH_PATHS = (
					"$(inherited)",
					"@executable_path/Frameworks",
					"@loader_path/Frameworks",
				);
				PRODUCT_BUNDLE_IDENTIFIER = com.codepath.flixsterUITests;
				PRODUCT_NAME = "$(TARGET_NAME)";
				SWIFT_VERSION = 4.2;
				TARGETED_DEVICE_FAMILY = "1,2";
				TEST_TARGET_NAME = flixster;
			};
			name = Release;
		};
/* End XCBuildConfiguration section */

/* Begin XCConfigurationList section */
		A8DE29F9220A9D4A005408D7 /* Build configuration list for PBXProject "flixster" */ = {
			isa = XCConfigurationList;
			buildConfigurations = (
				A8DE2A24220A9D4B005408D7 /* Debug */,
				A8DE2A25220A9D4B005408D7 /* Release */,
			);
			defaultConfigurationIsVisible = 0;
			defaultConfigurationName = Release;
		};
		A8DE2A26220A9D4B005408D7 /* Build configuration list for PBXNativeTarget "flixster" */ = {
			isa = XCConfigurationList;
			buildConfigurations = (
				A8DE2A27220A9D4B005408D7 /* Debug */,
				A8DE2A28220A9D4B005408D7 /* Release */,
			);
			defaultConfigurationIsVisible = 0;
			defaultConfigurationName = Release;
		};
		A8DE2A29220A9D4B005408D7 /* Build configuration list for PBXNativeTarget "flixsterTests" */ = {
			isa = XCConfigurationList;
			buildConfigurations = (
				A8DE2A2A220A9D4B005408D7 /* Debug */,
				A8DE2A2B220A9D4B005408D7 /* Release */,
			);
			defaultConfigurationIsVisible = 0;
			defaultConfigurationName = Release;
		};
		A8DE2A2C220A9D4B005408D7 /* Build configuration list for PBXNativeTarget "flixsterUITests" */ = {
			isa = XCConfigurationList;
			buildConfigurations = (
				A8DE2A2D220A9D4B005408D7 /* Debug */,
				A8DE2A2E220A9D4B005408D7 /* Release */,
			);
			defaultConfigurationIsVisible = 0;
			defaultConfigurationName = Release;
		};
/* End XCConfigurationList section */
	};
	rootObject = A8DE29F6220A9D4A005408D7 /* Project object */;
}
